
Microsoft Visual Studio Solution File, Format Version 12.00
# Visual Studio 15
VisualStudioVersion = 15.0.28010.2050
MinimumVisualStudioVersion = 10.0.40219.1
Project("{9A19103F-16F7-4668-BE54-9A1E7A4F7556}") = "Vehicles", "Vehicles\Vehicles.csproj", "{5FA087ED-529D-4731-BA83-0B4CD538EDEE}"
EndProject
Project("{9A19103F-16F7-4668-BE54-9A1E7A4F7556}") = "VehiclesExtension", "VehiclesExtension\VehiclesExtension.csproj", "{FF847861-69D8-4DB4-AB74-3D0725E9E3C2}"
EndProject
Project("{FAE04EC0-301F-11D3-BF4B-00C04F79EFBC}") = "WildFarm", "WildFarm\WildFarm.csproj", "{662CF9E0-CDB0-4258-B1A0-7B62A132BDC5}"
EndProject
Global
	GlobalSection(SolutionConfigurationPlatforms) = preSolution
		Debug|Any CPU = Debug|Any CPU
		Release|Any CPU = Release|Any CPU
	EndGlobalSection
	GlobalSection(ProjectConfigurationPlatforms) = postSolution
		{5FA087ED-529D-4731-BA83-0B4CD538EDEE}.Debug|Any CPU.ActiveCfg = Debug|Any CPU
		{5FA087ED-529D-4731-BA83-0B4CD538EDEE}.Debug|Any CPU.Build.0 = Debug|Any CPU
		{5FA087ED-529D-4731-BA83-0B4CD538EDEE}.Release|Any CPU.ActiveCfg = Release|Any CPU
		{5FA087ED-529D-4731-BA83-0B4CD538EDEE}.Release|Any CPU.Build.0 = Release|Any CPU
		{FF847861-69D8-4DB4-AB74-3D0725E9E3C2}.Debug|Any CPU.ActiveCfg = Debug|Any CPU
		{FF847861-69D8-4DB4-AB74-3D0725E9E3C2}.Debug|Any CPU.Build.0 = Debug|Any CPU
		{FF847861-69D8-4DB4-AB74-3D0725E9E3C2}.Release|Any CPU.ActiveCfg = Release|Any CPU
		{FF847861-69D8-4DB4-AB74-3D0725E9E3C2}.Release|Any CPU.Build.0 = Release|Any CPU
		{662CF9E0-CDB0-4258-B1A0-7B62A132BDC5}.Debug|Any CPU.ActiveCfg = Debug|Any CPU
		{662CF9E0-CDB0-4258-B1A0-7B62A132BDC5}.Debug|Any CPU.Build.0 = Debug|Any CPU
		{662CF9E0-CDB0-4258-B1A0-7B62A132BDC5}.Release|Any CPU.ActiveCfg = Release|Any CPU
		{662CF9E0-CDB0-4258-B1A0-7B62A132BDC5}.Release|Any CPU.Build.0 = Release|Any CPU
	EndGlobalSection
	GlobalSection(SolutionProperties) = preSolution
		HideSolutionNode = FALSE
	EndGlobalSection
	GlobalSection(ExtensibilityGlobals) = postSolution
		SolutionGuid = {9A0C1D3A-A290-4EB9-ACDC-1A28066704EB}
	EndGlobalSection
EndGlobal
