
Microsoft Visual Studio Solution File, Format Version 12.00
# Visual Studio 15
VisualStudioVersion = 15.0.28010.2046
MinimumVisualStudioVersion = 10.0.40219.1
Project("{FAE04EC0-301F-11D3-BF4B-00C04F79EFBC}") = "BankAccount", "BankAccount\BankAccount.csproj", "{B8CABFC4-7458-4118-9C4F-D8E220589C33}"
EndProject
Global
	GlobalSection(SolutionConfigurationPlatforms) = preSolution
		Debug|Any CPU = Debug|Any CPU
		Release|Any CPU = Release|Any CPU
	EndGlobalSection
	GlobalSection(ProjectConfigurationPlatforms) = postSolution
		{B8CABFC4-7458-4118-9C4F-D8E220589C33}.Debug|Any CPU.ActiveCfg = Debug|Any CPU
		{B8CABFC4-7458-4118-9C4F-D8E220589C33}.Debug|Any CPU.Build.0 = Debug|Any CPU
		{B8CABFC4-7458-4118-9C4F-D8E220589C33}.Release|Any CPU.ActiveCfg = Release|Any CPU
		{B8CABFC4-7458-4118-9C4F-D8E220589C33}.Release|Any CPU.Build.0 = Release|Any CPU
	EndGlobalSection
	GlobalSection(SolutionProperties) = preSolution
		HideSolutionNode = FALSE
	EndGlobalSection
	GlobalSection(ExtensibilityGlobals) = postSolution
		SolutionGuid = {830284E2-73F8-46E7-B6CA-67AE60DBB2B0}
	EndGlobalSection
EndGlobal
