
Microsoft Visual Studio Solution File, Format Version 12.00
# Visual Studio 15
VisualStudioVersion = 15.0.28010.2050
MinimumVisualStudioVersion = 10.0.40219.1
Project("{FAE04EC0-301F-11D3-BF4B-00C04F79EFBC}") = "Minedraft", "Minedraft\Minedraft.csproj", "{4CA2CCF0-D42C-4048-9D24-43A8DA9EAD34}"
EndProject
Global
	GlobalSection(SolutionConfigurationPlatforms) = preSolution
		Debug|Any CPU = Debug|Any CPU
		Release|Any CPU = Release|Any CPU
	EndGlobalSection
	GlobalSection(ProjectConfigurationPlatforms) = postSolution
		{4CA2CCF0-D42C-4048-9D24-43A8DA9EAD34}.Debug|Any CPU.ActiveCfg = Debug|Any CPU
		{4CA2CCF0-D42C-4048-9D24-43A8DA9EAD34}.Debug|Any CPU.Build.0 = Debug|Any CPU
		{4CA2CCF0-D42C-4048-9D24-43A8DA9EAD34}.Release|Any CPU.ActiveCfg = Release|Any CPU
		{4CA2CCF0-D42C-4048-9D24-43A8DA9EAD34}.Release|Any CPU.Build.0 = Release|Any CPU
	EndGlobalSection
	GlobalSection(SolutionProperties) = preSolution
		HideSolutionNode = FALSE
	EndGlobalSection
	GlobalSection(ExtensibilityGlobals) = postSolution
		SolutionGuid = {F82DB022-CA29-437E-8D19-4A0DEE283DF1}
	EndGlobalSection
EndGlobal
