
Microsoft Visual Studio Solution File, Format Version 12.00
# Visual Studio 15
VisualStudioVersion = 15.0.28010.2046
MinimumVisualStudioVersion = 10.0.40219.1
Project("{FAE04EC0-301F-11D3-BF4B-00C04F79EFBC}") = "SingleInheritance", "SingleInheritance\SingleInheritance.csproj", "{5A77BD04-3C8C-49F3-8577-A214AB382CD1}"
EndProject
Project("{FAE04EC0-301F-11D3-BF4B-00C04F79EFBC}") = "MultipleInheritance", "MultipleInheritance\MultipleInheritance.csproj", "{11744ED3-20DA-4C1C-A3B4-0FD88F343304}"
EndProject
Project("{FAE04EC0-301F-11D3-BF4B-00C04F79EFBC}") = "HierarchicalInheritance", "HierarchicalInheritance\HierarchicalInheritance.csproj", "{7A011989-6D4B-4BCB-9F38-8449793F7523}"
EndProject
Project("{FAE04EC0-301F-11D3-BF4B-00C04F79EFBC}") = "RandomList", "RandomList\RandomList.csproj", "{1937F35D-E6BC-49D0-8657-C8B544BDE93C}"
EndProject
Project("{FAE04EC0-301F-11D3-BF4B-00C04F79EFBC}") = "StackOfStrings", "StackOfStrings\StackOfStrings.csproj", "{6B241BE9-C3DF-4DB0-85B7-6BEF6A940363}"
EndProject
Global
	GlobalSection(SolutionConfigurationPlatforms) = preSolution
		Debug|Any CPU = Debug|Any CPU
		Release|Any CPU = Release|Any CPU
	EndGlobalSection
	GlobalSection(ProjectConfigurationPlatforms) = postSolution
		{5A77BD04-3C8C-49F3-8577-A214AB382CD1}.Debug|Any CPU.ActiveCfg = Debug|Any CPU
		{5A77BD04-3C8C-49F3-8577-A214AB382CD1}.Debug|Any CPU.Build.0 = Debug|Any CPU
		{5A77BD04-3C8C-49F3-8577-A214AB382CD1}.Release|Any CPU.ActiveCfg = Release|Any CPU
		{5A77BD04-3C8C-49F3-8577-A214AB382CD1}.Release|Any CPU.Build.0 = Release|Any CPU
		{11744ED3-20DA-4C1C-A3B4-0FD88F343304}.Debug|Any CPU.ActiveCfg = Debug|Any CPU
		{11744ED3-20DA-4C1C-A3B4-0FD88F343304}.Debug|Any CPU.Build.0 = Debug|Any CPU
		{11744ED3-20DA-4C1C-A3B4-0FD88F343304}.Release|Any CPU.ActiveCfg = Release|Any CPU
		{11744ED3-20DA-4C1C-A3B4-0FD88F343304}.Release|Any CPU.Build.0 = Release|Any CPU
		{7A011989-6D4B-4BCB-9F38-8449793F7523}.Debug|Any CPU.ActiveCfg = Debug|Any CPU
		{7A011989-6D4B-4BCB-9F38-8449793F7523}.Debug|Any CPU.Build.0 = Debug|Any CPU
		{7A011989-6D4B-4BCB-9F38-8449793F7523}.Release|Any CPU.ActiveCfg = Release|Any CPU
		{7A011989-6D4B-4BCB-9F38-8449793F7523}.Release|Any CPU.Build.0 = Release|Any CPU
		{1937F35D-E6BC-49D0-8657-C8B544BDE93C}.Debug|Any CPU.ActiveCfg = Debug|Any CPU
		{1937F35D-E6BC-49D0-8657-C8B544BDE93C}.Debug|Any CPU.Build.0 = Debug|Any CPU
		{1937F35D-E6BC-49D0-8657-C8B544BDE93C}.Release|Any CPU.ActiveCfg = Release|Any CPU
		{1937F35D-E6BC-49D0-8657-C8B544BDE93C}.Release|Any CPU.Build.0 = Release|Any CPU
		{6B241BE9-C3DF-4DB0-85B7-6BEF6A940363}.Debug|Any CPU.ActiveCfg = Debug|Any CPU
		{6B241BE9-C3DF-4DB0-85B7-6BEF6A940363}.Debug|Any CPU.Build.0 = Debug|Any CPU
		{6B241BE9-C3DF-4DB0-85B7-6BEF6A940363}.Release|Any CPU.ActiveCfg = Release|Any CPU
		{6B241BE9-C3DF-4DB0-85B7-6BEF6A940363}.Release|Any CPU.Build.0 = Release|Any CPU
	EndGlobalSection
	GlobalSection(SolutionProperties) = preSolution
		HideSolutionNode = FALSE
	EndGlobalSection
	GlobalSection(ExtensibilityGlobals) = postSolution
		SolutionGuid = {E23492F4-351F-45F0-9520-C19F43B9B2C5}
	EndGlobalSection
EndGlobal
